
Microsoft Visual Studio Solution File, Format Version 12.00
# Visual Studio Version 17
VisualStudioVersion = 17.14.36623.8 d17.14
MinimumVisualStudioVersion = 10.0.40219.1
Project("{FAE04EC0-301F-11D3-BF4B-00C04F79EFBC}") = "RR", "RR.csproj", "{5C47426B-0025-4FF1-BBDC-7349F65BD46E}"
EndProject
Global
	GlobalSection(SolutionConfigurationPlatforms) = preSolution
		Debug|Any CPU = Debug|Any CPU
		Release|Any CPU = Release|Any CPU
	EndGlobalSection
	GlobalSection(ProjectConfigurationPlatforms) = postSolution
		{5C47426B-0025-4FF1-BBDC-7349F65BD46E}.Debug|Any CPU.ActiveCfg = Debug|Any CPU
		{5C47426B-0025-4FF1-BBDC-7349F65BD46E}.Debug|Any CPU.Build.0 = Debug|Any CPU
		{5C47426B-0025-4FF1-BBDC-7349F65BD46E}.Release|Any CPU.ActiveCfg = Release|Any CPU
		{5C47426B-0025-4FF1-BBDC-7349F65BD46E}.Release|Any CPU.Build.0 = Release|Any CPU
	EndGlobalSection
	GlobalSection(SolutionProperties) = preSolution
		HideSolutionNode = FALSE
	EndGlobalSection
	GlobalSection(ExtensibilityGlobals) = postSolution
		SolutionGuid = {2DE09C74-7A5E-403A-A0CA-37D3532984FC}
	EndGlobalSection
EndGlobal
